
Microsoft Visual Studio Solution File, Format Version 12.00
# Visual Studio Version 17
VisualStudioVersion = 17.3.32819.101
MinimumVisualStudioVersion = 10.0.40219.1
Project("{FAE04EC0-301F-11D3-BF4B-00C04F79EFBC}") = "WinFormUI", "WinFormUI\WinFormUI.csproj", "{F55C8414-FADF-449B-8D4A-08CC87C19F94}"
EndProject
Project("{FAE04EC0-301F-11D3-BF4B-00C04F79EFBC}") = "WPFUI", "WPFUI\WPFUI.csproj", "{ECFD6C2E-54AB-4025-9304-2E159B88E1A7}"
EndProject
Project("{FAE04EC0-301F-11D3-BF4B-00C04F79EFBC}") = "DRYDemoLibrary", "DRYDemoLibrary\DRYDemoLibrary.csproj", "{2E52645E-67F9-4B1A-9D70-A2B3590B6BC8}"
EndProject
Project("{FAE04EC0-301F-11D3-BF4B-00C04F79EFBC}") = "DryDemoLibraryTest", "DryDemoLibraryTest\DryDemoLibraryTest.csproj", "{55321049-A5FA-40D0-BF6C-5EFBE3BB57A4}"
EndProject
Project("{FAE04EC0-301F-11D3-BF4B-00C04F79EFBC}") = "ViewModelTests", "WinFormUITests\ViewModelTests.csproj", "{C63A5F4D-5B64-46A3-8793-BFC050D7A778}"
EndProject
Project("{FAE04EC0-301F-11D3-BF4B-00C04F79EFBC}") = "ModelsLib", "ModelsLib\ModelsLib.csproj", "{B8D68CDC-3A36-4DAD-B4FE-41BD6F3107E2}"
EndProject
Global
	GlobalSection(SolutionConfigurationPlatforms) = preSolution
		Debug|Any CPU = Debug|Any CPU
		Release|Any CPU = Release|Any CPU
	EndGlobalSection
	GlobalSection(ProjectConfigurationPlatforms) = postSolution
		{F55C8414-FADF-449B-8D4A-08CC87C19F94}.Debug|Any CPU.ActiveCfg = Debug|Any CPU
		{F55C8414-FADF-449B-8D4A-08CC87C19F94}.Debug|Any CPU.Build.0 = Debug|Any CPU
		{F55C8414-FADF-449B-8D4A-08CC87C19F94}.Release|Any CPU.ActiveCfg = Release|Any CPU
		{F55C8414-FADF-449B-8D4A-08CC87C19F94}.Release|Any CPU.Build.0 = Release|Any CPU
		{ECFD6C2E-54AB-4025-9304-2E159B88E1A7}.Debug|Any CPU.ActiveCfg = Debug|Any CPU
		{ECFD6C2E-54AB-4025-9304-2E159B88E1A7}.Debug|Any CPU.Build.0 = Debug|Any CPU
		{ECFD6C2E-54AB-4025-9304-2E159B88E1A7}.Release|Any CPU.ActiveCfg = Release|Any CPU
		{ECFD6C2E-54AB-4025-9304-2E159B88E1A7}.Release|Any CPU.Build.0 = Release|Any CPU
		{2E52645E-67F9-4B1A-9D70-A2B3590B6BC8}.Debug|Any CPU.ActiveCfg = Debug|Any CPU
		{2E52645E-67F9-4B1A-9D70-A2B3590B6BC8}.Debug|Any CPU.Build.0 = Debug|Any CPU
		{2E52645E-67F9-4B1A-9D70-A2B3590B6BC8}.Release|Any CPU.ActiveCfg = Release|Any CPU
		{2E52645E-67F9-4B1A-9D70-A2B3590B6BC8}.Release|Any CPU.Build.0 = Release|Any CPU
		{55321049-A5FA-40D0-BF6C-5EFBE3BB57A4}.Debug|Any CPU.ActiveCfg = Debug|Any CPU
		{55321049-A5FA-40D0-BF6C-5EFBE3BB57A4}.Debug|Any CPU.Build.0 = Debug|Any CPU
		{55321049-A5FA-40D0-BF6C-5EFBE3BB57A4}.Release|Any CPU.ActiveCfg = Release|Any CPU
		{55321049-A5FA-40D0-BF6C-5EFBE3BB57A4}.Release|Any CPU.Build.0 = Release|Any CPU
		{C63A5F4D-5B64-46A3-8793-BFC050D7A778}.Debug|Any CPU.ActiveCfg = Debug|Any CPU
		{C63A5F4D-5B64-46A3-8793-BFC050D7A778}.Debug|Any CPU.Build.0 = Debug|Any CPU
		{C63A5F4D-5B64-46A3-8793-BFC050D7A778}.Release|Any CPU.ActiveCfg = Release|Any CPU
		{C63A5F4D-5B64-46A3-8793-BFC050D7A778}.Release|Any CPU.Build.0 = Release|Any CPU
		{B8D68CDC-3A36-4DAD-B4FE-41BD6F3107E2}.Debug|Any CPU.ActiveCfg = Debug|Any CPU
		{B8D68CDC-3A36-4DAD-B4FE-41BD6F3107E2}.Debug|Any CPU.Build.0 = Debug|Any CPU
		{B8D68CDC-3A36-4DAD-B4FE-41BD6F3107E2}.Release|Any CPU.ActiveCfg = Release|Any CPU
		{B8D68CDC-3A36-4DAD-B4FE-41BD6F3107E2}.Release|Any CPU.Build.0 = Release|Any CPU
	EndGlobalSection
	GlobalSection(SolutionProperties) = preSolution
		HideSolutionNode = FALSE
	EndGlobalSection
	GlobalSection(ExtensibilityGlobals) = postSolution
		SolutionGuid = {E9C63FE1-6882-431F-9219-728031EFAEF2}
	EndGlobalSection
EndGlobal
